// !$*UTF8*$!
{
	archiveVersion = 1;
	classes = {
	};
	objectVersion = 77;
	objects = {

/* Begin PBXContainerItemProxy section */
		72990FEB2DBAEE5F00A5619E /* PBXContainerItemProxy */ = {
			isa = PBXContainerItemProxy;
			containerPortal = 72990FD02DBAEE5D00A5619E /* Project object */;
			proxyType = 1;
			remoteGlobalIDString = 72990FD72DBAEE5D00A5619E;
			remoteInfo = StudentUnionHelper;
		};
		72990FF52DBAEE5F00A5619E /* PBXContainerItemProxy */ = {
			isa = PBXContainerItemProxy;
			containerPortal = 72990FD02DBAEE5D00A5619E /* Project object */;
			proxyType = 1;
			remoteGlobalIDString = 72990FD72DBAEE5D00A5619E;
			remoteInfo = StudentUnionHelper;
		};
/* End PBXContainerItemProxy section */

/* Begin PBXFileReference section */
		72990FD82DBAEE5D00A5619E /* StudentUnionHelper.app */ = {isa = PBXFileReference; explicitFileType = wrapper.application; includeInIndex = 0; path = StudentUnionHelper.app; sourceTree = BUILT_PRODUCTS_DIR; };
		72990FEA2DBAEE5F00A5619E /* StudentUnionHelperTests.xctest */ = {isa = PBXFileReference; explicitFileType = wrapper.cfbundle; includeInIndex = 0; path = StudentUnionHelperTests.xctest; sourceTree = BUILT_PRODUCTS_DIR; };
		72990FF42DBAEE5F00A5619E /* StudentUnionHelperUITests.xctest */ = {isa = PBXFileReference; explicitFileType = wrapper.cfbundle; includeInIndex = 0; path = StudentUnionHelperUITests.xctest; sourceTree = BUILT_PRODUCTS_DIR; };
/* End PBXFileReference section */

/* Begin PBXFileSystemSynchronizedRootGroup section */
		72990FDA2DBAEE5D00A5619E /* StudentUnionHelper */ = {
			isa = PBXFileSystemSynchronizedRootGroup;
			path = StudentUnionHelper;
			sourceTree = "<group>";
		};
		72990FED2DBAEE5F00A5619E /* StudentUnionHelperTests */ = {
			isa = PBXFileSystemSynchronizedRootGroup;
			path = StudentUnionHelperTests;
			sourceTree = "<group>";
		};
		72990FF72DBAEE5F00A5619E /* StudentUnionHelperUITests */ = {
			isa = PBXFileSystemSynchronizedRootGroup;
			path = StudentUnionHelperUITests;
			sourceTree = "<group>";
		};
/* End PBXFileSystemSynchronizedRootGroup section */

/* Begin PBXFrameworksBuildPhase section */
		72990FD52DBAEE5D00A5619E /* Frameworks */ = {
			isa = PBXFrameworksBuildPhase;
			buildActionMask = 2147483647;
			files = (
			);
			runOnlyForDeploymentPostprocessing = 0;
		};
		72990FE72DBAEE5F00A5619E /* Frameworks */ = {
			isa = PBXFrameworksBuildPhase;
			buildActionMask = 2147483647;
			files = (
			);
			runOnlyForDeploymentPostprocessing = 0;
		};
		72990FF12DBAEE5F00A5619E /* Frameworks */ = {
			isa = PBXFrameworksBuildPhase;
			buildActionMask = 2147483647;
			files = (
			);
			runOnlyForDeploymentPostprocessing = 0;
		};
/* End PBXFrameworksBuildPhase section */

/* Begin PBXGroup section */
		72990FCF2DBAEE5D00A5619E = {
			isa = PBXGroup;
			children = (
				72990FDA2DBAEE5D00A5619E /* StudentUnionHelper */,
				72990FED2DBAEE5F00A5619E /* StudentUnionHelperTests */,
				72990FF72DBAEE5F00A5619E /* StudentUnionHelperUITests */,
				72990FD92DBAEE5D00A5619E /* Products */,
			);
			sourceTree = "<group>";
		};
		72990FD92DBAEE5D00A5619E /* Products */ = {
			isa = PBXGroup;
			children = (
				72990FD82DBAEE5D00A5619E /* StudentUnionHelper.app */,
				72990FEA2DBAEE5F00A5619E /* StudentUnionHelperTests.xctest */,
				72990FF42DBAEE5F00A5619E /* StudentUnionHelperUITests.xctest */,
			);
			name = Products;
			sourceTree = "<group>";
		};
/* End PBXGroup section */

/* Begin PBXNativeTarget section */
		72990FD72DBAEE5D00A5619E /* StudentUnionHelper */ = {
			isa = PBXNativeTarget;
			buildConfigurationList = 72990FFE2DBAEE5F00A5619E /* Build configuration list for PBXNativeTarget "StudentUnionHelper" */;
			buildPhases = (
				72990FD42DBAEE5D00A5619E /* Sources */,
				72990FD52DBAEE5D00A5619E /* Frameworks */,
				72990FD62DBAEE5D00A5619E /* Resources */,
			);
			buildRules = (
			);
			dependencies = (
			);
			fileSystemSynchronizedGroups = (
				72990FDA2DBAEE5D00A5619E /* StudentUnionHelper */,
			);
			name = StudentUnionHelper;
			packageProductDependencies = (
			);
			productName = StudentUnionHelper;
			productReference = 72990FD82DBAEE5D00A5619E /* StudentUnionHelper.app */;
			productType = "com.apple.product-type.application";
		};
		72990FE92DBAEE5F00A5619E /* StudentUnionHelperTests */ = {
			isa = PBXNativeTarget;
			buildConfigurationList = 729910012DBAEE5F00A5619E /* Build configuration list for PBXNativeTarget "StudentUnionHelperTests" */;
			buildPhases = (
				72990FE62DBAEE5F00A5619E /* Sources */,
				72990FE72DBAEE5F00A5619E /* Frameworks */,
				72990FE82DBAEE5F00A5619E /* Resources */,
			);
			buildRules = (
			);
			dependencies = (
				72990FEC2DBAEE5F00A5619E /* PBXTargetDependency */,
			);
			fileSystemSynchronizedGroups = (
				72990FED2DBAEE5F00A5619E /* StudentUnionHelperTests */,
			);
			name = StudentUnionHelperTests;
			packageProductDependencies = (
			);
			productName = StudentUnionHelperTests;
			productReference = 72990FEA2DBAEE5F00A5619E /* StudentUnionHelperTests.xctest */;
			productType = "com.apple.product-type.bundle.unit-test";
		};
		72990FF32DBAEE5F00A5619E /* StudentUnionHelperUITests */ = {
			isa = PBXNativeTarget;
			buildConfigurationList = 729910042DBAEE5F00A5619E /* Build configuration list for PBXNativeTarget "StudentUnionHelperUITests" */;
			buildPhases = (
				72990FF02DBAEE5F00A5619E /* Sources */,
				72990FF12DBAEE5F00A5619E /* Frameworks */,
				72990FF22DBAEE5F00A5619E /* Resources */,
			);
			buildRules = (
			);
			dependencies = (
				72990FF62DBAEE5F00A5619E /* PBXTargetDependency */,
			);
			fileSystemSynchronizedGroups = (
				72990FF72DBAEE5F00A5619E /* StudentUnionHelperUITests */,
			);
			name = StudentUnionHelperUITests;
			packageProductDependencies = (
			);
			productName = StudentUnionHelperUITests;
			productReference = 72990FF42DBAEE5F00A5619E /* StudentUnionHelperUITests.xctest */;
			productType = "com.apple.product-type.bundle.ui-testing";
		};
/* End PBXNativeTarget section */

/* Begin PBXProject section */
		72990FD02DBAEE5D00A5619E /* Project object */ = {
			isa = PBXProject;
			attributes = {
				BuildIndependentTargetsInParallel = 1;
				LastSwiftUpdateCheck = 1600;
				LastUpgradeCheck = 1600;
				TargetAttributes = {
					72990FD72DBAEE5D00A5619E = {
						CreatedOnToolsVersion = 16.0;
					};
					72990FE92DBAEE5F00A5619E = {
						CreatedOnToolsVersion = 16.0;
						TestTargetID = 72990FD72DBAEE5D00A5619E;
					};
					72990FF32DBAEE5F00A5619E = {
						CreatedOnToolsVersion = 16.0;
						TestTargetID = 72990FD72DBAEE5D00A5619E;
					};
				};
			};
			buildConfigurationList = 72990FD32DBAEE5D00A5619E /* Build configuration list for PBXProject "StudentUnionHelper" */;
			developmentRegion = en;
			hasScannedForEncodings = 0;
			knownRegions = (
				en,
				Base,
			);
			mainGroup = 72990FCF2DBAEE5D00A5619E;
			minimizedProjectReferenceProxies = 1;
			preferredProjectObjectVersion = 77;
			productRefGroup = 72990FD92DBAEE5D00A5619E /* Products */;
			projectDirPath = "";
			projectRoot = "";
			targets = (
				72990FD72DBAEE5D00A5619E /* StudentUnionHelper */,
				72990FE92DBAEE5F00A5619E /* StudentUnionHelperTests */,
				72990FF32DBAEE5F00A5619E /* StudentUnionHelperUITests */,
			);
		};
/* End PBXProject section */

/* Begin PBXResourcesBuildPhase section */
		72990FD62DBAEE5D00A5619E /* Resources */ = {
			isa = PBXResourcesBuildPhase;
			buildActionMask = 2147483647;
			files = (
			);
			runOnlyForDeploymentPostprocessing = 0;
		};
		72990FE82DBAEE5F00A5619E /* Resources */ = {
			isa = PBXResourcesBuildPhase;
			buildActionMask = 2147483647;
			files = (
			);
			runOnlyForDeploymentPostprocessing = 0;
		};
		72990FF22DBAEE5F00A5619E /* Resources */ = {
			isa = PBXResourcesBuildPhase;
			buildActionMask = 2147483647;
			files = (
			);
			runOnlyForDeploymentPostprocessing = 0;
		};
/* End PBXResourcesBuildPhase section */

/* Begin PBXSourcesBuildPhase section */
		72990FD42DBAEE5D00A5619E /* Sources */ = {
			isa = PBXSourcesBuildPhase;
			buildActionMask = 2147483647;
			files = (
			);
			runOnlyForDeploymentPostprocessing = 0;
		};
		72990FE62DBAEE5F00A5619E /* Sources */ = {
			isa = PBXSourcesBuildPhase;
			buildActionMask = 2147483647;
			files = (
			);
			runOnlyForDeploymentPostprocessing = 0;
		};
		72990FF02DBAEE5F00A5619E /* Sources */ = {
			isa = PBXSourcesBuildPhase;
			buildActionMask = 2147483647;
			files = (
			);
			runOnlyForDeploymentPostprocessing = 0;
		};
/* End PBXSourcesBuildPhase section */

/* Begin PBXTargetDependency section */
		72990FEC2DBAEE5F00A5619E /* PBXTargetDependency */ = {
			isa = PBXTargetDependency;
			target = 72990FD72DBAEE5D00A5619E /* StudentUnionHelper */;
			targetProxy = 72990FEB2DBAEE5F00A5619E /* PBXContainerItemProxy */;
		};
		72990FF62DBAEE5F00A5619E /* PBXTargetDependency */ = {
			isa = PBXTargetDependency;
			target = 72990FD72DBAEE5D00A5619E /* StudentUnionHelper */;
			targetProxy = 72990FF52DBAEE5F00A5619E /* PBXContainerItemProxy */;
		};
/* End PBXTargetDependency section */

/* Begin XCBuildConfiguration section */
		72990FFC2DBAEE5F00A5619E /* Debug */ = {
			isa = XCBuildConfiguration;
			buildSettings = {
				ALWAYS_SEARCH_USER_PATHS = NO;
				ASSETCATALOG_COMPILER_GENERATE_SWIFT_ASSET_SYMBOL_EXTENSIONS = YES;
				CLANG_ANALYZER_NONNULL = YES;
				CLANG_ANALYZER_NUMBER_OBJECT_CONVERSION = YES_AGGRESSIVE;
				CLANG_CXX_LANGUAGE_STANDARD = "gnu++20";
				CLANG_ENABLE_MODULES = YES;
				CLANG_ENABLE_OBJC_ARC = YES;
				CLANG_ENABLE_OBJC_WEAK = YES;
				CLANG_WARN_BLOCK_CAPTURE_AUTORELEASING = YES;
				CLANG_WARN_BOOL_CONVERSION = YES;
				CLANG_WARN_COMMA = YES;
				CLANG_WARN_CONSTANT_CONVERSION = YES;
				CLANG_WARN_DEPRECATED_OBJC_IMPLEMENTATIONS = YES;
				CLANG_WARN_DIRECT_OBJC_ISA_USAGE = YES_ERROR;
				CLANG_WARN_DOCUMENTATION_COMMENTS = YES;
				CLANG_WARN_EMPTY_BODY = YES;
				CLANG_WARN_ENUM_CONVERSION = YES;
				CLANG_WARN_INFINITE_RECURSION = YES;
				CLANG_WARN_INT_CONVERSION = YES;
				CLANG_WARN_NON_LITERAL_NULL_CONVERSION = YES;
				CLANG_WARN_OBJC_IMPLICIT_RETAIN_SELF = YES;
				CLANG_WARN_OBJC_LITERAL_CONVERSION = YES;
				CLANG_WARN_OBJC_ROOT_CLASS = YES_ERROR;
				CLANG_WARN_QUOTED_INCLUDE_IN_FRAMEWORK_HEADER = YES;
				CLANG_WARN_RANGE_LOOP_ANALYSIS = YES;
				CLANG_WARN_STRICT_PROTOTYPES = YES;
				CLANG_WARN_SUSPICIOUS_MOVE = YES;
				CLANG_WARN_UNGUARDED_AVAILABILITY = YES_AGGRESSIVE;
				CLANG_WARN_UNREACHABLE_CODE = YES;
				CLANG_WARN__DUPLICATE_METHOD_MATCH = YES;
				COPY_PHASE_STRIP = NO;
				DEBUG_INFORMATION_FORMAT = dwarf;
				ENABLE_STRICT_OBJC_MSGSEND = YES;
				ENABLE_TESTABILITY = YES;
				ENABLE_USER_SCRIPT_SANDBOXING = YES;
				GCC_C_LANGUAGE_STANDARD = gnu17;
				GCC_DYNAMIC_NO_PIC = NO;
				GCC_NO_COMMON_BLOCKS = YES;
				GCC_OPTIMIZATION_LEVEL = 0;
				GCC_PREPROCESSOR_DEFINITIONS = (
					"DEBUG=1",
					"$(inherited)",
				);
				GCC_WARN_64_TO_32_BIT_CONVERSION = YES;
				GCC_WARN_ABOUT_RETURN_TYPE = YES_ERROR;
				GCC_WARN_UNDECLARED_SELECTOR = YES;
				GCC_WARN_UNINITIALIZED_AUTOS = YES_AGGRESSIVE;
				GCC_WARN_UNUSED_FUNCTION = YES;
				GCC_WARN_UNUSED_VARIABLE = YES;
				IPHONEOS_DEPLOYMENT_TARGET = 18.0;
				LOCALIZATION_PREFERS_STRING_CATALOGS = YES;
				MTL_ENABLE_DEBUG_INFO = INCLUDE_SOURCE;
				MTL_FAST_MATH = YES;
				ONLY_ACTIVE_ARCH = YES;
				SDKROOT = iphoneos;
				SWIFT_ACTIVE_COMPILATION_CONDITIONS = "DEBUG $(inherited)";
				SWIFT_OPTIMIZATION_LEVEL = "-Onone";
			};
			name = Debug;
		};
		72990FFD2DBAEE5F00A5619E /* Release */ = {
			isa = XCBuildConfiguration;
			buildSettings = {
				ALWAYS_SEARCH_USER_PATHS = NO;
				ASSETCATALOG_COMPILER_GENERATE_SWIFT_ASSET_SYMBOL_EXTENSIONS = YES;
				CLANG_ANALYZER_NONNULL = YES;
				CLANG_ANALYZER_NUMBER_OBJECT_CONVERSION = YES_AGGRESSIVE;
				CLANG_CXX_LANGUAGE_STANDARD = "gnu++20";
				CLANG_ENABLE_MODULES = YES;
				CLANG_ENABLE_OBJC_ARC = YES;
				CLANG_ENABLE_OBJC_WEAK = YES;
				CLANG_WARN_BLOCK_CAPTURE_AUTORELEASING = YES;
				CLANG_WARN_BOOL_CONVERSION = YES;
				CLANG_WARN_COMMA = YES;
				CLANG_WARN_CONSTANT_CONVERSION = YES;
				CLANG_WARN_DEPRECATED_OBJC_IMPLEMENTATIONS = YES;
				CLANG_WARN_DIRECT_OBJC_ISA_USAGE = YES_ERROR;
				CLANG_WARN_DOCUMENTATION_COMMENTS = YES;
				CLANG_WARN_EMPTY_BODY = YES;
				CLANG_WARN_ENUM_CONVERSION = YES;
				CLANG_WARN_INFINITE_RECURSION = YES;
				CLANG_WARN_INT_CONVERSION = YES;
				CLANG_WARN_NON_LITERAL_NULL_CONVERSION = YES;
				CLANG_WARN_OBJC_IMPLICIT_RETAIN_SELF = YES;
				CLANG_WARN_OBJC_LITERAL_CONVERSION = YES;
				CLANG_WARN_OBJC_ROOT_CLASS = YES_ERROR;
				CLANG_WARN_QUOTED_INCLUDE_IN_FRAMEWORK_HEADER = YES;
				CLANG_WARN_RANGE_LOOP_ANALYSIS = YES;
				CLANG_WARN_STRICT_PROTOTYPES = YES;
				CLANG_WARN_SUSPICIOUS_MOVE = YES;
				CLANG_WARN_UNGUARDED_AVAILABILITY = YES_AGGRESSIVE;
				CLANG_WARN_UNREACHABLE_CODE = YES;
				CLANG_WARN__DUPLICATE_METHOD_MATCH = YES;
				COPY_PHASE_STRIP = NO;
				DEBUG_INFORMATION_FORMAT = "dwarf-with-dsym";
				ENABLE_NS_ASSERTIONS = NO;
				ENABLE_STRICT_OBJC_MSGSEND = YES;
				ENABLE_USER_SCRIPT_SANDBOXING = YES;
				GCC_C_LANGUAGE_STANDARD = gnu17;
				GCC_NO_COMMON_BLOCKS = YES;
				GCC_WARN_64_TO_32_BIT_CONVERSION = YES;
				GCC_WARN_ABOUT_RETURN_TYPE = YES_ERROR;
				GCC_WARN_UNDECLARED_SELECTOR = YES;
				GCC_WARN_UNINITIALIZED_AUTOS = YES_AGGRESSIVE;
				GCC_WARN_UNUSED_FUNCTION = YES;
				GCC_WARN_UNUSED_VARIABLE = YES;
				IPHONEOS_DEPLOYMENT_TARGET = 18.0;
				LOCALIZATION_PREFERS_STRING_CATALOGS = YES;
				MTL_ENABLE_DEBUG_INFO = NO;
				MTL_FAST_MATH = YES;
				SDKROOT = iphoneos;
				SWIFT_COMPILATION_MODE = wholemodule;
				VALIDATE_PRODUCT = YES;
			};
			name = Release;
		};
		72990FFF2DBAEE5F00A5619E /* Debug */ = {
			isa = XCBuildConfiguration;
			buildSettings = {
				ASSETCATALOG_COMPILER_APPICON_NAME = AppIcon;
				ASSETCATALOG_COMPILER_GLOBAL_ACCENT_COLOR_NAME = AccentColor;
				CODE_SIGN_STYLE = Automatic;
				CURRENT_PROJECT_VERSION = 1;
				DEVELOPMENT_ASSET_PATHS = "\"StudentUnionHelper/Preview Content\"";
				DEVELOPMENT_TEAM = A2MDLMSGQK;
				ENABLE_PREVIEWS = YES;
				GENERATE_INFOPLIST_FILE = YES;
				INFOPLIST_KEY_NSCameraUsageDescription = "This app requires camera access to scan QR codes and barcodes.";
				INFOPLIST_KEY_UIApplicationSceneManifest_Generation = YES;
				INFOPLIST_KEY_UIApplicationSupportsIndirectInputEvents = YES;
				INFOPLIST_KEY_UILaunchScreen_Generation = YES;
				INFOPLIST_KEY_UISupportedInterfaceOrientations_iPad = "UIInterfaceOrientationPortrait UIInterfaceOrientationPortraitUpsideDown UIInterfaceOrientationLandscapeLeft UIInterfaceOrientationLandscapeRight";
				INFOPLIST_KEY_UISupportedInterfaceOrientations_iPhone = "UIInterfaceOrientationPortrait UIInterfaceOrientationLandscapeLeft UIInterfaceOrientationLandscapeRight";
				LD_RUNPATH_SEARCH_PATHS = (
					"$(inherited)",
					"@executable_path/Frameworks",
				);
				MARKETING_VERSION = 1.0;
				PRODUCT_BUNDLE_IDENTIFIER = com.Alin.Olson.StudentUnionHelper;
				PRODUCT_NAME = "$(TARGET_NAME)";
				SWIFT_EMIT_LOC_STRINGS = YES;
				SWIFT_VERSION = 5.0;
				TARGETED_DEVICE_FAMILY = "1,2";
			};
			name = Debug;
		};
		729910002DBAEE5F00A5619E /* Release */ = {
			isa = XCBuildConfiguration;
			buildSettings = {
				ASSETCATALOG_COMPILER_APPICON_NAME = AppIcon;
				ASSETCATALOG_COMPILER_GLOBAL_ACCENT_COLOR_NAME = AccentColor;
				CODE_SIGN_STYLE = Automatic;
				CURRENT_PROJECT_VERSION = 1;
				DEVELOPMENT_ASSET_PATHS = "\"StudentUnionHelper/Preview Content\"";
				DEVELOPMENT_TEAM = A2MDLMSGQK;
				ENABLE_PREVIEWS = YES;
				GENERATE_INFOPLIST_FILE = YES;
				INFOPLIST_KEY_NSCameraUsageDescription = "This app requires camera access to scan QR codes and barcodes.";
				INFOPLIST_KEY_UIApplicationSceneManifest_Generation = YES;
				INFOPLIST_KEY_UIApplicationSupportsIndirectInputEvents = YES;
				INFOPLIST_KEY_UILaunchScreen_Generation = YES;
				INFOPLIST_KEY_UISupportedInterfaceOrientations_iPad = "UIInterfaceOrientationPortrait UIInterfaceOrientationPortraitUpsideDown UIInterfaceOrientationLandscapeLeft UIInterfaceOrientationLandscapeRight";
				INFOPLIST_KEY_UISupportedInterfaceOrientations_iPhone = "UIInterfaceOrientationPortrait UIInterfaceOrientationLandscapeLeft UIInterfaceOrientationLandscapeRight";
				LD_RUNPATH_SEARCH_PATHS = (
					"$(inherited)",
					"@executable_path/Frameworks",
				);
				MARKETING_VERSION = 1.0;
				PRODUCT_BUNDLE_IDENTIFIER = com.Alin.Olson.StudentUnionHelper;
				PRODUCT_NAME = "$(TARGET_NAME)";
				SWIFT_EMIT_LOC_STRINGS = YES;
				SWIFT_VERSION = 5.0;
				TARGETED_DEVICE_FAMILY = "1,2";
			};
			name = Release;
		};
		729910022DBAEE5F00A5619E /* Debug */ = {
			isa = XCBuildConfiguration;
			buildSettings = {
				BUNDLE_LOADER = "$(TEST_HOST)";
				CODE_SIGN_STYLE = Automatic;
				CURRENT_PROJECT_VERSION = 1;
				DEVELOPMENT_TEAM = A2MDLMSGQK;
				GENERATE_INFOPLIST_FILE = YES;
				IPHONEOS_DEPLOYMENT_TARGET = 18.0;
				MARKETING_VERSION = 1.0;
				PRODUCT_BUNDLE_IDENTIFIER = com.Alin.Olson.StudentUnionHelperTests;
				PRODUCT_NAME = "$(TARGET_NAME)";
				SWIFT_EMIT_LOC_STRINGS = NO;
				SWIFT_VERSION = 5.0;
				TARGETED_DEVICE_FAMILY = "1,2";
				TEST_HOST = "$(BUILT_PRODUCTS_DIR)/StudentUnionHelper.app/$(BUNDLE_EXECUTABLE_FOLDER_PATH)/StudentUnionHelper";
			};
			name = Debug;
		};
		729910032DBAEE5F00A5619E /* Release */ = {
			isa = XCBuildConfiguration;
			buildSettings = {
				BUNDLE_LOADER = "$(TEST_HOST)";
				CODE_SIGN_STYLE = Automatic;
				CURRENT_PROJECT_VERSION = 1;
				DEVELOPMENT_TEAM = A2MDLMSGQK;
				GENERATE_INFOPLIST_FILE = YES;
				IPHONEOS_DEPLOYMENT_TARGET = 18.0;
				MARKETING_VERSION = 1.0;
				PRODUCT_BUNDLE_IDENTIFIER = com.Alin.Olson.StudentUnionHelperTests;
				PRODUCT_NAME = "$(TARGET_NAME)";
				SWIFT_EMIT_LOC_STRINGS = NO;
				SWIFT_VERSION = 5.0;
				TARGETED_DEVICE_FAMILY = "1,2";
				TEST_HOST = "$(BUILT_PRODUCTS_DIR)/StudentUnionHelper.app/$(BUNDLE_EXECUTABLE_FOLDER_PATH)/StudentUnionHelper";
			};
			name = Release;
		};
		729910052DBAEE5F00A5619E /* Debug */ = {
			isa = XCBuildConfiguration;
			buildSettings = {
				CODE_SIGN_STYLE = Automatic;
				CURRENT_PROJECT_VERSION = 1;
				DEVELOPMENT_TEAM = A2MDLMSGQK;
				GENERATE_INFOPLIST_FILE = YES;
				MARKETING_VERSION = 1.0;
				PRODUCT_BUNDLE_IDENTIFIER = com.Alin.Olson.StudentUnionHelperUITests;
				PRODUCT_NAME = "$(TARGET_NAME)";
				SWIFT_EMIT_LOC_STRINGS = NO;
				SWIFT_VERSION = 5.0;
				TARGETED_DEVICE_FAMILY = "1,2";
				TEST_TARGET_NAME = StudentUnionHelper;
			};
			name = Debug;
		};
		729910062DBAEE5F00A5619E /* Release */ = {
			isa = XCBuildConfiguration;
			buildSettings = {
				CODE_SIGN_STYLE = Automatic;
				CURRENT_PROJECT_VERSION = 1;
				DEVELOPMENT_TEAM = A2MDLMSGQK;
				GENERATE_INFOPLIST_FILE = YES;
				MARKETING_VERSION = 1.0;
				PRODUCT_BUNDLE_IDENTIFIER = com.Alin.Olson.StudentUnionHelperUITests;
				PRODUCT_NAME = "$(TARGET_NAME)";
				SWIFT_EMIT_LOC_STRINGS = NO;
				SWIFT_VERSION = 5.0;
				TARGETED_DEVICE_FAMILY = "1,2";
				TEST_TARGET_NAME = StudentUnionHelper;
			};
			name = Release;
		};
/* End XCBuildConfiguration section */

/* Begin XCConfigurationList section */
		72990FD32DBAEE5D00A5619E /* Build configuration list for PBXProject "StudentUnionHelper" */ = {
			isa = XCConfigurationList;
			buildConfigurations = (
				72990FFC2DBAEE5F00A5619E /* Debug */,
				72990FFD2DBAEE5F00A5619E /* Release */,
			);
			defaultConfigurationIsVisible = 0;
			defaultConfigurationName = Release;
		};
		72990FFE2DBAEE5F00A5619E /* Build configuration list for PBXNativeTarget "StudentUnionHelper" */ = {
			isa = XCConfigurationList;
			buildConfigurations = (
				72990FFF2DBAEE5F00A5619E /* Debug */,
				729910002DBAEE5F00A5619E /* Release */,
			);
			defaultConfigurationIsVisible = 0;
			defaultConfigurationName = Release;
		};
		729910012DBAEE5F00A5619E /* Build configuration list for PBXNativeTarget "StudentUnionHelperTests" */ = {
			isa = XCConfigurationList;
			buildConfigurations = (
				729910022DBAEE5F00A5619E /* Debug */,
				729910032DBAEE5F00A5619E /* Release */,
			);
			defaultConfigurationIsVisible = 0;
			defaultConfigurationName = Release;
		};
		729910042DBAEE5F00A5619E /* Build configuration list for PBXNativeTarget "StudentUnionHelperUITests" */ = {
			isa = XCConfigurationList;
			buildConfigurations = (
				729910052DBAEE5F00A5619E /* Debug */,
				729910062DBAEE5F00A5619E /* Release */,
			);
			defaultConfigurationIsVisible = 0;
			defaultConfigurationName = Release;
		};
/* End XCConfigurationList section */
	};
	rootObject = 72990FD02DBAEE5D00A5619E /* Project object */;
}
